
Microsoft Visual Studio Solution File, Format Version 12.00
# Visual Studio Version 17
VisualStudioVersion = 17.2.32616.157
MinimumVisualStudioVersion = 10.0.40219.1
Project("{9A19103F-16F7-4668-BE54-9A1E7A4F7556}") = "DevBlogs", "DevBlogs\DevBlogs.csproj", "{1DD8BE62-8CA3-4978-91DC-B48D627F9393}"
EndProject
Project("{2150E333-8FDC-42A3-9474-1A3956D46DE8}") = "Services", "Services", "{C451E016-18E9-4B35-9D8D-83D33012479D}"
EndProject
Project("{2150E333-8FDC-42A3-9474-1A3956D46DE8}") = "Apps", "Apps", "{2724E6B9-E8C0-4657-953A-B435C8BCD4DA}"
EndProject
Project("{2150E333-8FDC-42A3-9474-1A3956D46DE8}") = "Writers", "Writers", "{F82F2985-05A7-445C-9F47-7F9645F8452F}"
EndProject
Project("{2150E333-8FDC-42A3-9474-1A3956D46DE8}") = "Readers", "Readers", "{D8106418-5BF7-4FAB-805D-76AFD8001CBC}"
EndProject
Project("{9A19103F-16F7-4668-BE54-9A1E7A4F7556}") = "DevBlogs.Writers.API", "DevBlogs.Writers.API\DevBlogs.Writers.API.csproj", "{1972B760-D5BE-4C08-8C39-433A9154EBA6}"
EndProject
Project("{9A19103F-16F7-4668-BE54-9A1E7A4F7556}") = "DevBlogs.Readers.API", "DevBlogs.Readers.API\DevBlogs.Readers.API.csproj", "{D444AAB8-0057-4382-930B-8A4EF14F7B19}"
EndProject
Project("{2150E333-8FDC-42A3-9474-1A3956D46DE8}") = "Shared", "Shared", "{C42F0116-0AA1-49C3-949C-A079E862F066}"
EndProject
Project("{9A19103F-16F7-4668-BE54-9A1E7A4F7556}") = "DevBlogs.Shared.Common", "DevBlogs.Shared.Common\DevBlogs.Shared.Common.csproj", "{EFBCF6A9-496F-4D2F-AFA5-5FBA50BCF5AD}"
EndProject
Project("{9A19103F-16F7-4668-BE54-9A1E7A4F7556}") = "DevBlogs.Infrastructure", "DevBlogs.Infrastructure\DevBlogs.Infrastructure.csproj", "{59766BDE-0539-4FFB-BEE4-C14A982E8B26}"
EndProject
Project("{9A19103F-16F7-4668-BE54-9A1E7A4F7556}") = "DevBlogs.Core", "DevBlogs.Core\DevBlogs.Core.csproj", "{D72207D7-2EE3-4B39-872F-D5337FB06A22}"
EndProject
Global
	GlobalSection(SolutionConfigurationPlatforms) = preSolution
		Debug|Any CPU = Debug|Any CPU
		Release|Any CPU = Release|Any CPU
	EndGlobalSection
	GlobalSection(ProjectConfigurationPlatforms) = postSolution
		{1DD8BE62-8CA3-4978-91DC-B48D627F9393}.Debug|Any CPU.ActiveCfg = Debug|Any CPU
		{1DD8BE62-8CA3-4978-91DC-B48D627F9393}.Debug|Any CPU.Build.0 = Debug|Any CPU
		{1DD8BE62-8CA3-4978-91DC-B48D627F9393}.Release|Any CPU.ActiveCfg = Release|Any CPU
		{1DD8BE62-8CA3-4978-91DC-B48D627F9393}.Release|Any CPU.Build.0 = Release|Any CPU
		{1972B760-D5BE-4C08-8C39-433A9154EBA6}.Debug|Any CPU.ActiveCfg = Debug|Any CPU
		{1972B760-D5BE-4C08-8C39-433A9154EBA6}.Debug|Any CPU.Build.0 = Debug|Any CPU
		{1972B760-D5BE-4C08-8C39-433A9154EBA6}.Release|Any CPU.ActiveCfg = Release|Any CPU
		{1972B760-D5BE-4C08-8C39-433A9154EBA6}.Release|Any CPU.Build.0 = Release|Any CPU
		{D444AAB8-0057-4382-930B-8A4EF14F7B19}.Debug|Any CPU.ActiveCfg = Debug|Any CPU
		{D444AAB8-0057-4382-930B-8A4EF14F7B19}.Debug|Any CPU.Build.0 = Debug|Any CPU
		{D444AAB8-0057-4382-930B-8A4EF14F7B19}.Release|Any CPU.ActiveCfg = Release|Any CPU
		{D444AAB8-0057-4382-930B-8A4EF14F7B19}.Release|Any CPU.Build.0 = Release|Any CPU
		{EFBCF6A9-496F-4D2F-AFA5-5FBA50BCF5AD}.Debug|Any CPU.ActiveCfg = Debug|Any CPU
		{EFBCF6A9-496F-4D2F-AFA5-5FBA50BCF5AD}.Debug|Any CPU.Build.0 = Debug|Any CPU
		{EFBCF6A9-496F-4D2F-AFA5-5FBA50BCF5AD}.Release|Any CPU.ActiveCfg = Release|Any CPU
		{EFBCF6A9-496F-4D2F-AFA5-5FBA50BCF5AD}.Release|Any CPU.Build.0 = Release|Any CPU
		{59766BDE-0539-4FFB-BEE4-C14A982E8B26}.Debug|Any CPU.ActiveCfg = Debug|Any CPU
		{59766BDE-0539-4FFB-BEE4-C14A982E8B26}.Debug|Any CPU.Build.0 = Debug|Any CPU
		{59766BDE-0539-4FFB-BEE4-C14A982E8B26}.Release|Any CPU.ActiveCfg = Release|Any CPU
		{59766BDE-0539-4FFB-BEE4-C14A982E8B26}.Release|Any CPU.Build.0 = Release|Any CPU
		{D72207D7-2EE3-4B39-872F-D5337FB06A22}.Debug|Any CPU.ActiveCfg = Debug|Any CPU
		{D72207D7-2EE3-4B39-872F-D5337FB06A22}.Debug|Any CPU.Build.0 = Debug|Any CPU
		{D72207D7-2EE3-4B39-872F-D5337FB06A22}.Release|Any CPU.ActiveCfg = Release|Any CPU
		{D72207D7-2EE3-4B39-872F-D5337FB06A22}.Release|Any CPU.Build.0 = Release|Any CPU
	EndGlobalSection
	GlobalSection(SolutionProperties) = preSolution
		HideSolutionNode = FALSE
	EndGlobalSection
	GlobalSection(NestedProjects) = preSolution
		{1DD8BE62-8CA3-4978-91DC-B48D627F9393} = {2724E6B9-E8C0-4657-953A-B435C8BCD4DA}
		{F82F2985-05A7-445C-9F47-7F9645F8452F} = {C451E016-18E9-4B35-9D8D-83D33012479D}
		{D8106418-5BF7-4FAB-805D-76AFD8001CBC} = {C451E016-18E9-4B35-9D8D-83D33012479D}
		{1972B760-D5BE-4C08-8C39-433A9154EBA6} = {F82F2985-05A7-445C-9F47-7F9645F8452F}
		{D444AAB8-0057-4382-930B-8A4EF14F7B19} = {D8106418-5BF7-4FAB-805D-76AFD8001CBC}
		{C42F0116-0AA1-49C3-949C-A079E862F066} = {C451E016-18E9-4B35-9D8D-83D33012479D}
		{EFBCF6A9-496F-4D2F-AFA5-5FBA50BCF5AD} = {C42F0116-0AA1-49C3-949C-A079E862F066}
		{59766BDE-0539-4FFB-BEE4-C14A982E8B26} = {C42F0116-0AA1-49C3-949C-A079E862F066}
		{D72207D7-2EE3-4B39-872F-D5337FB06A22} = {C42F0116-0AA1-49C3-949C-A079E862F066}
	EndGlobalSection
	GlobalSection(ExtensibilityGlobals) = postSolution
		SolutionGuid = {2AF7D0DA-ED3B-4DC5-A896-B6069ABBAF4C}
	EndGlobalSection
EndGlobal
