
Microsoft Visual Studio Solution File, Format Version 12.00
# Visual Studio Version 17
VisualStudioVersion = 17.2.32616.157
MinimumVisualStudioVersion = 10.0.40219.1
Project("{9A19103F-16F7-4668-BE54-9A1E7A4F7556}") = "DevBlogs.Infrastructure", "DevBlogs.Infrastructure\DevBlogs.Infrastructure.csproj", "{59766BDE-0539-4FFB-BEE4-C14A982E8B26}"
EndProject
Project("{9A19103F-16F7-4668-BE54-9A1E7A4F7556}") = "DevBlogs.Core", "DevBlogs.Core\DevBlogs.Core.csproj", "{819F9FD8-EDB9-4C6A-A9FD-91201EA93CCF}"
EndProject
Project("{FAE04EC0-301F-11D3-BF4B-00C04F79EFBC}") = "DevBlogs.SharedKernel", "DevBlogs.SharedKernel\DevBlogs.SharedKernel.csproj", "{D5426ACC-B570-4506-ADF8-392F8BA241E6}"
EndProject
Project("{FAE04EC0-301F-11D3-BF4B-00C04F79EFBC}") = "DevBlogs.API", "DevBlogs.API\DevBlogs.API.csproj", "{323D6BA5-DAD2-478B-BF5F-CDB51768AB6D}"
EndProject
Project("{2150E333-8FDC-42A3-9474-1A3956D46DE8}") = "src", "src", "{02FB33F6-318B-4576-A50C-4CC1647CBA2B}"
EndProject
Project("{2150E333-8FDC-42A3-9474-1A3956D46DE8}") = "Services", "Services", "{6B1D3461-129E-444B-A646-7F4E06D97063}"
EndProject
Global
	GlobalSection(SolutionConfigurationPlatforms) = preSolution
		Debug|Any CPU = Debug|Any CPU
		Release|Any CPU = Release|Any CPU
	EndGlobalSection
	GlobalSection(ProjectConfigurationPlatforms) = postSolution
		{59766BDE-0539-4FFB-BEE4-C14A982E8B26}.Debug|Any CPU.ActiveCfg = Debug|Any CPU
		{59766BDE-0539-4FFB-BEE4-C14A982E8B26}.Debug|Any CPU.Build.0 = Debug|Any CPU
		{59766BDE-0539-4FFB-BEE4-C14A982E8B26}.Release|Any CPU.ActiveCfg = Release|Any CPU
		{59766BDE-0539-4FFB-BEE4-C14A982E8B26}.Release|Any CPU.Build.0 = Release|Any CPU
		{819F9FD8-EDB9-4C6A-A9FD-91201EA93CCF}.Debug|Any CPU.ActiveCfg = Debug|Any CPU
		{819F9FD8-EDB9-4C6A-A9FD-91201EA93CCF}.Debug|Any CPU.Build.0 = Debug|Any CPU
		{819F9FD8-EDB9-4C6A-A9FD-91201EA93CCF}.Release|Any CPU.ActiveCfg = Release|Any CPU
		{819F9FD8-EDB9-4C6A-A9FD-91201EA93CCF}.Release|Any CPU.Build.0 = Release|Any CPU
		{D5426ACC-B570-4506-ADF8-392F8BA241E6}.Debug|Any CPU.ActiveCfg = Debug|Any CPU
		{D5426ACC-B570-4506-ADF8-392F8BA241E6}.Debug|Any CPU.Build.0 = Debug|Any CPU
		{D5426ACC-B570-4506-ADF8-392F8BA241E6}.Release|Any CPU.ActiveCfg = Release|Any CPU
		{D5426ACC-B570-4506-ADF8-392F8BA241E6}.Release|Any CPU.Build.0 = Release|Any CPU
		{323D6BA5-DAD2-478B-BF5F-CDB51768AB6D}.Debug|Any CPU.ActiveCfg = Debug|Any CPU
		{323D6BA5-DAD2-478B-BF5F-CDB51768AB6D}.Debug|Any CPU.Build.0 = Debug|Any CPU
		{323D6BA5-DAD2-478B-BF5F-CDB51768AB6D}.Release|Any CPU.ActiveCfg = Release|Any CPU
		{323D6BA5-DAD2-478B-BF5F-CDB51768AB6D}.Release|Any CPU.Build.0 = Release|Any CPU
	EndGlobalSection
	GlobalSection(SolutionProperties) = preSolution
		HideSolutionNode = FALSE
	EndGlobalSection
	GlobalSection(NestedProjects) = preSolution
		{59766BDE-0539-4FFB-BEE4-C14A982E8B26} = {6B1D3461-129E-444B-A646-7F4E06D97063}
		{819F9FD8-EDB9-4C6A-A9FD-91201EA93CCF} = {6B1D3461-129E-444B-A646-7F4E06D97063}
		{D5426ACC-B570-4506-ADF8-392F8BA241E6} = {6B1D3461-129E-444B-A646-7F4E06D97063}
		{323D6BA5-DAD2-478B-BF5F-CDB51768AB6D} = {6B1D3461-129E-444B-A646-7F4E06D97063}
		{6B1D3461-129E-444B-A646-7F4E06D97063} = {02FB33F6-318B-4576-A50C-4CC1647CBA2B}
	EndGlobalSection
	GlobalSection(ExtensibilityGlobals) = postSolution
		SolutionGuid = {2AF7D0DA-ED3B-4DC5-A896-B6069ABBAF4C}
	EndGlobalSection
EndGlobal
